
Microsoft Visual Studio Solution File, Format Version 12.00
# Visual Studio 15
VisualStudioVersion = 15.0.28010.2041
MinimumVisualStudioVersion = 10.0.40219.1
Project("{FAE04EC0-301F-11D3-BF4B-00C04F79EFBC}") = "PhotoEditor", "PhotoEditor\PhotoEditor.csproj", "{626331F6-E36C-4FEA-814D-69576BE6B78E}"
EndProject
Global
	GlobalSection(SolutionConfigurationPlatforms) = preSolution
		Debug|Any CPU = Debug|Any CPU
		Release|Any CPU = Release|Any CPU
	EndGlobalSection
	GlobalSection(ProjectConfigurationPlatforms) = postSolution
		{626331F6-E36C-4FEA-814D-69576BE6B78E}.Debug|Any CPU.ActiveCfg = Debug|Any CPU
		{626331F6-E36C-4FEA-814D-69576BE6B78E}.Debug|Any CPU.Build.0 = Debug|Any CPU
		{626331F6-E36C-4FEA-814D-69576BE6B78E}.Release|Any CPU.ActiveCfg = Release|Any CPU
		{626331F6-E36C-4FEA-814D-69576BE6B78E}.Release|Any CPU.Build.0 = Release|Any CPU
	EndGlobalSection
	GlobalSection(SolutionProperties) = preSolution
		HideSolutionNode = FALSE
	EndGlobalSection
	GlobalSection(ExtensibilityGlobals) = postSolution
		SolutionGuid = {983B7371-7F96-4EFA-A304-F0C3A2A41D60}
	EndGlobalSection
EndGlobal
